<?xml version="1.0" encoding="utf-8"?>
<Project ToolsVersion="4.0" xmlns="http://schemas.microsoft.com/developer/msbuild/2003">
  <ItemGroup>
    <ClCompile Include="..\..\..\source\Condense.cpp" />
    <ClCompile Include="..\..\..\source\Cropping.cpp" />
    <ClCompile Include="..\..\..\source\OutlineFine.cpp">
      <Filter>outline</Filter>
    </ClCompile>
    <ClCompile Include="..\..\..\source\OutlineRaw.cpp">
      <Filter>outline</Filter>
    </ClCompile>
    <ClCompile Include="..\..\..\source\ImageData.cpp" />
    <ClCompile Include="..\..\..\source\TransToETC2.cpp">
      <Filter>conv</Filter>
    </ClCompile>
    <ClCompile Include="..\..\..\source\TransToPVR.cpp">
      <Filter>conv</Filter>
    </ClCompile>
    <ClCompile Include="..\..\..\source\TransToETC1.cpp">
      <Filter>conv</Filter>
    </ClCompile>
    <ClCompile Include="..\..\..\source\ImagePack.cpp" />
    <ClCompile Include="..\..\..\source\PixelAreaLUT.cpp">
      <Filter>atuo_rect_cut</Filter>
    </ClCompile>
    <ClCompile Include="..\..\..\source\PixelCoveredLUT.cpp">
      <Filter>atuo_rect_cut</Filter>
    </ClCompile>
    <ClCompile Include="..\..\..\source\PixelEdgeTable.cpp">
      <Filter>atuo_rect_cut</Filter>
    </ClCompile>
    <ClCompile Include="..\..\..\source\PixelUncoveredLUT.cpp">
      <Filter>atuo_rect_cut</Filter>
    </ClCompile>
    <ClCompile Include="..\..\..\source\RectPostProcessor.cpp">
      <Filter>atuo_rect_cut</Filter>
    </ClCompile>
    <ClCompile Include="..\..\..\source\RegularRectCondense.cpp">
      <Filter>atuo_rect_cut</Filter>
    </ClCompile>
    <ClCompile Include="..\..\..\source\RegularRectCut.cpp">
      <Filter>atuo_rect_cut</Filter>
    </ClCompile>
    <ClCompile Include="..\..\..\source\RegularRectMerge.cpp">
      <Filter>atuo_rect_cut</Filter>
    </ClCompile>
  </ItemGroup>
  <ItemGroup>
    <ClInclude Include="..\..\..\include\pimg\Condense.h" />
    <ClInclude Include="..\..\..\include\pimg\Cropping.h" />
    <ClInclude Include="..\..\..\include\pimg\Rect.h" />
    <ClInclude Include="..\..\..\include\pimg\OutlineFine.h">
      <Filter>outline</Filter>
    </ClInclude>
    <ClInclude Include="..\..\..\include\pimg\OutlineRaw.h">
      <Filter>outline</Filter>
    </ClInclude>
    <ClInclude Include="..\..\..\include\pimg\ImageData.h" />
    <ClInclude Include="..\..\..\include\pimg\TransToPVR.h">
      <Filter>conv</Filter>
    </ClInclude>
    <ClInclude Include="..\..\..\include\pimg\TransToETC2.h">
      <Filter>conv</Filter>
    </ClInclude>
    <ClInclude Include="..\..\..\include\pimg\TransToETC1.h">
      <Filter>conv</Filter>
    </ClInclude>
    <ClInclude Include="..\..\..\include\pimg\ImagePack.h" />
    <ClInclude Include="..\..\..\include\pimg\PixelAreaLUT.h">
      <Filter>atuo_rect_cut</Filter>
    </ClInclude>
    <ClInclude Include="..\..\..\include\pimg\PixelCoveredLUT.h">
      <Filter>atuo_rect_cut</Filter>
    </ClInclude>
    <ClInclude Include="..\..\..\include\pimg\PixelEdgeTable.h">
      <Filter>atuo_rect_cut</Filter>
    </ClInclude>
    <ClInclude Include="..\..\..\include\pimg\PixelUncoveredLUT.h">
      <Filter>atuo_rect_cut</Filter>
    </ClInclude>
    <ClInclude Include="..\..\..\include\pimg\RectPostProcessor.h">
      <Filter>atuo_rect_cut</Filter>
    </ClInclude>
    <ClInclude Include="..\..\..\include\pimg\RegularRectCondense.h">
      <Filter>atuo_rect_cut</Filter>
    </ClInclude>
    <ClInclude Include="..\..\..\include\pimg\RegularRectCut.h">
      <Filter>atuo_rect_cut</Filter>
    </ClInclude>
    <ClInclude Include="..\..\..\include\pimg\RegularRectMerge.h">
      <Filter>atuo_rect_cut</Filter>
    </ClInclude>
    <ClInclude Include="..\..\..\include\pimg\CRect.h">
      <Filter>atuo_rect_cut</Filter>
    </ClInclude>
  </ItemGroup>
  <ItemGroup>
    <Filter Include="outline">
      <UniqueIdentifier>{2b8d6c6c-8594-4c9d-a1e9-85018aeed9f7}</UniqueIdentifier>
    </Filter>
    <Filter Include="conv">
      <UniqueIdentifier>{f0e08787-b6d6-454f-aada-aa5e1c46b2f1}</UniqueIdentifier>
    </Filter>
    <Filter Include="atuo_rect_cut">
      <UniqueIdentifier>{08281556-1998-49cc-b26e-d2e1ff00290c}</UniqueIdentifier>
    </Filter>
  </ItemGroup>
</Project>